{
  "name": "hexo-site",
  "version": "0.0.0",
  "lockfileVersion": 1,
  "dependencies": {
    "hexo-auto-canonical": {
      "version": "0.1.0",
      "resolved": "https://registry.npmjs.org/hexo-auto-canonical/-/hexo-auto-canonical-0.1.0.tgz",
      "integrity": "sha1-rEwtuRw/5gYcPTNgNZd9fOHJt4c="
    }
  }
}
